
Microsoft Visual Studio Solution File, Format Version 12.00
# Visual Studio Version 17
VisualStudioVersion = 17.9.34723.18
MinimumVisualStudioVersion = 10.0.40219.1
Project("{2150E333-8FDC-42A3-9474-1A3956D46DE8}") = "tests", "tests", "{E7B902BB-BEFB-41A1-A796-B10E23A60E91}"
EndProject
Project("{2150E333-8FDC-42A3-9474-1A3956D46DE8}") = "Nuget", "Nuget", "{B4EB45D0-65D3-4688-8E81-ADADFA90CE91}"
EndProject
Project("{9A19103F-16F7-4668-BE54-9A1E7A4F7556}") = "GE.Contracts", "src\Nuget\GE.Contracts\GE.Contracts.csproj", "{7BA1C950-5878-49DF-9C97-7CA35FBDD0A8}"
EndProject
Global
	GlobalSection(SolutionConfigurationPlatforms) = preSolution
		Debug|Any CPU = Debug|Any CPU
		Release|Any CPU = Release|Any CPU
	EndGlobalSection
	GlobalSection(ProjectConfigurationPlatforms) = postSolution
		{7BA1C950-5878-49DF-9C97-7CA35FBDD0A8}.Debug|Any CPU.ActiveCfg = Debug|Any CPU
		{7BA1C950-5878-49DF-9C97-7CA35FBDD0A8}.Debug|Any CPU.Build.0 = Debug|Any CPU
		{7BA1C950-5878-49DF-9C97-7CA35FBDD0A8}.Release|Any CPU.ActiveCfg = Release|Any CPU
		{7BA1C950-5878-49DF-9C97-7CA35FBDD0A8}.Release|Any CPU.Build.0 = Release|Any CPU
	EndGlobalSection
	GlobalSection(SolutionProperties) = preSolution
		HideSolutionNode = FALSE
	EndGlobalSection
	GlobalSection(NestedProjects) = preSolution
		{7BA1C950-5878-49DF-9C97-7CA35FBDD0A8} = {B4EB45D0-65D3-4688-8E81-ADADFA90CE91}
	EndGlobalSection
	GlobalSection(ExtensibilityGlobals) = postSolution
		SolutionGuid = {6FA2F023-9C9B-4B1C-BF12-72D80D5BE951}
	EndGlobalSection
EndGlobal
